
Microsoft Visual Studio Solution File, Format Version 12.00
# Visual Studio Version 17
VisualStudioVersion = 17.14.36616.10 d17.14
MinimumVisualStudioVersion = 10.0.40219.1
Project("{FAE04EC0-301F-11D3-BF4B-00C04F79EFBC}") = "RomanNum", "RomanNum.csproj", "{0AEDD5EA-DA3A-4D1B-B35D-03CCCAA0F410}"
EndProject
Project("{FAE04EC0-301F-11D3-BF4B-00C04F79EFBC}") = "RomanNumTest", "..\RomanNumTest\RomanNumTest.csproj", "{515C954A-4708-4928-9FE8-2D7487E43B2D}"
EndProject
Global
	GlobalSection(SolutionConfigurationPlatforms) = preSolution
		Debug|Any CPU = Debug|Any CPU
		Release|Any CPU = Release|Any CPU
	EndGlobalSection
	GlobalSection(ProjectConfigurationPlatforms) = postSolution
		{0AEDD5EA-DA3A-4D1B-B35D-03CCCAA0F410}.Debug|Any CPU.ActiveCfg = Debug|Any CPU
		{0AEDD5EA-DA3A-4D1B-B35D-03CCCAA0F410}.Debug|Any CPU.Build.0 = Debug|Any CPU
		{0AEDD5EA-DA3A-4D1B-B35D-03CCCAA0F410}.Release|Any CPU.ActiveCfg = Release|Any CPU
		{0AEDD5EA-DA3A-4D1B-B35D-03CCCAA0F410}.Release|Any CPU.Build.0 = Release|Any CPU
		{515C954A-4708-4928-9FE8-2D7487E43B2D}.Debug|Any CPU.ActiveCfg = Debug|Any CPU
		{515C954A-4708-4928-9FE8-2D7487E43B2D}.Debug|Any CPU.Build.0 = Debug|Any CPU
		{515C954A-4708-4928-9FE8-2D7487E43B2D}.Release|Any CPU.ActiveCfg = Release|Any CPU
		{515C954A-4708-4928-9FE8-2D7487E43B2D}.Release|Any CPU.Build.0 = Release|Any CPU
	EndGlobalSection
	GlobalSection(SolutionProperties) = preSolution
		HideSolutionNode = FALSE
	EndGlobalSection
	GlobalSection(ExtensibilityGlobals) = postSolution
		SolutionGuid = {52452F65-0840-411B-9925-E4E853B1C832}
	EndGlobalSection
EndGlobal
